
Microsoft Visual Studio Solution File, Format Version 12.00
# Visual Studio Version 17
VisualStudioVersion = 17.10.35122.118
MinimumVisualStudioVersion = 10.0.40219.1
Project("{FAE04EC0-301F-11D3-BF4B-00C04F79EFBC}") = "bmp32", "bmp32\bmp32.csproj", "{5679D421-8331-4F6A-917F-FEDB000C56C6}"
EndProject
Global
	GlobalSection(SolutionConfigurationPlatforms) = preSolution
		Debug|Any CPU = Debug|Any CPU
		Release|Any CPU = Release|Any CPU
	EndGlobalSection
	GlobalSection(ProjectConfigurationPlatforms) = postSolution
		{5679D421-8331-4F6A-917F-FEDB000C56C6}.Debug|Any CPU.ActiveCfg = Debug|Any CPU
		{5679D421-8331-4F6A-917F-FEDB000C56C6}.Debug|Any CPU.Build.0 = Debug|Any CPU
		{5679D421-8331-4F6A-917F-FEDB000C56C6}.Release|Any CPU.ActiveCfg = Release|Any CPU
		{5679D421-8331-4F6A-917F-FEDB000C56C6}.Release|Any CPU.Build.0 = Release|Any CPU
	EndGlobalSection
	GlobalSection(SolutionProperties) = preSolution
		HideSolutionNode = FALSE
	EndGlobalSection
	GlobalSection(ExtensibilityGlobals) = postSolution
		SolutionGuid = {2F43A196-82BA-443B-BCE5-5FAFA2872CB6}
	EndGlobalSection
EndGlobal
